
Microsoft Visual Studio Solution File, Format Version 12.00
# Visual Studio Version 16
VisualStudioVersion = 16.0.29613.14
MinimumVisualStudioVersion = 10.0.40219.1
Project("{FAE04EC0-301F-11D3-BF4B-00C04F79EFBC}") = "CitiesApp.Asp.NetWebApi", "CitiesApp.Asp.NetWebApi\CitiesApp.Asp.NetWebApi.csproj", "{9CA967BF-373E-476F-A68E-E54436DD43F4}"
EndProject
Project("{FAE04EC0-301F-11D3-BF4B-00C04F79EFBC}") = "CitiesApp.Asp.NetWebApiTests", "CitiesApp.Asp.NetWebApiTests\CitiesApp.Asp.NetWebApiTests.csproj", "{7EFF9F24-93D1-48CB-9D8C-AD331F009AF2}"
EndProject
Global
	GlobalSection(SolutionConfigurationPlatforms) = preSolution
		Debug|Any CPU = Debug|Any CPU
		Release|Any CPU = Release|Any CPU
	EndGlobalSection
	GlobalSection(ProjectConfigurationPlatforms) = postSolution
		{9CA967BF-373E-476F-A68E-E54436DD43F4}.Debug|Any CPU.ActiveCfg = Debug|Any CPU
		{9CA967BF-373E-476F-A68E-E54436DD43F4}.Debug|Any CPU.Build.0 = Debug|Any CPU
		{9CA967BF-373E-476F-A68E-E54436DD43F4}.Release|Any CPU.ActiveCfg = Release|Any CPU
		{9CA967BF-373E-476F-A68E-E54436DD43F4}.Release|Any CPU.Build.0 = Release|Any CPU
		{7EFF9F24-93D1-48CB-9D8C-AD331F009AF2}.Debug|Any CPU.ActiveCfg = Debug|Any CPU
		{7EFF9F24-93D1-48CB-9D8C-AD331F009AF2}.Debug|Any CPU.Build.0 = Debug|Any CPU
		{7EFF9F24-93D1-48CB-9D8C-AD331F009AF2}.Release|Any CPU.ActiveCfg = Release|Any CPU
		{7EFF9F24-93D1-48CB-9D8C-AD331F009AF2}.Release|Any CPU.Build.0 = Release|Any CPU
	EndGlobalSection
	GlobalSection(SolutionProperties) = preSolution
		HideSolutionNode = FALSE
	EndGlobalSection
	GlobalSection(ExtensibilityGlobals) = postSolution
		SolutionGuid = {B71F1D2E-0720-46AF-A4D7-25564B64BF20}
	EndGlobalSection
EndGlobal
